
Microsoft Visual Studio Solution File, Format Version 11.00
# Visual Studio 2010
VisualStudioVersion = 12.0.31101.0
MinimumVisualStudioVersion = 10.0.40219.1
Project("{F184B08F-C81C-45F6-A57F-5ABD9991F28F}") = "math game 2.0", "math game 2.0\math game 2.0.vbproj", "{3D545FA8-81A7-4DBE-8604-4DFDC3F16CAA}"
EndProject
Global
	GlobalSection(SolutionConfigurationPlatforms) = preSolution
		Debug|Any CPU = Debug|Any CPU
		Release|Any CPU = Release|Any CPU
	EndGlobalSection
	GlobalSection(ProjectConfigurationPlatforms) = postSolution
		{3D545FA8-81A7-4DBE-8604-4DFDC3F16CAA}.Debug|Any CPU.ActiveCfg = Debug|Any CPU
		{3D545FA8-81A7-4DBE-8604-4DFDC3F16CAA}.Debug|Any CPU.Build.0 = Debug|Any CPU
		{3D545FA8-81A7-4DBE-8604-4DFDC3F16CAA}.Release|Any CPU.ActiveCfg = Release|Any CPU
		{3D545FA8-81A7-4DBE-8604-4DFDC3F16CAA}.Release|Any CPU.Build.0 = Release|Any CPU
	EndGlobalSection
	GlobalSection(SolutionProperties) = preSolution
		HideSolutionNode = FALSE
	EndGlobalSection
EndGlobal
